
Microsoft Visual Studio Solution File, Format Version 12.00
# Visual Studio Version 17
VisualStudioVersion = 17.8.34511.84
MinimumVisualStudioVersion = 10.0.40219.1
Project("{FAE04EC0-301F-11D3-BF4B-00C04F79EFBC}") = "Academy_Management_System", "Academy_Management_System.csproj", "{5AECBE26-CB2A-4C4F-A92A-0744EEFBB782}"
EndProject
Global
	GlobalSection(SolutionConfigurationPlatforms) = preSolution
		Debug|Any CPU = Debug|Any CPU
		Release|Any CPU = Release|Any CPU
	EndGlobalSection
	GlobalSection(ProjectConfigurationPlatforms) = postSolution
		{5AECBE26-CB2A-4C4F-A92A-0744EEFBB782}.Debug|Any CPU.ActiveCfg = Debug|Any CPU
		{5AECBE26-CB2A-4C4F-A92A-0744EEFBB782}.Debug|Any CPU.Build.0 = Debug|Any CPU
		{5AECBE26-CB2A-4C4F-A92A-0744EEFBB782}.Release|Any CPU.ActiveCfg = Release|Any CPU
		{5AECBE26-CB2A-4C4F-A92A-0744EEFBB782}.Release|Any CPU.Build.0 = Release|Any CPU
	EndGlobalSection
	GlobalSection(SolutionProperties) = preSolution
		HideSolutionNode = FALSE
	EndGlobalSection
	GlobalSection(ExtensibilityGlobals) = postSolution
		SolutionGuid = {7EA22E3D-265E-45C2-92F4-BA437D364E6C}
	EndGlobalSection
EndGlobal
